PODS:
  - MobileVLCKit (3.3.13)

DEPENDENCIES:
  - MobileVLCKit (from `http://localhost:3030/MobileVLCKit.podspec.json`)

EXTERNAL SOURCES:
  MobileVLCKit:
    :podspec: http://localhost:3030/MobileVLCKit.podspec.json

SPEC CHECKSUMS:
  MobileVLCKit: 99df02af13378fb6834cd9815eaf09149784766b

PODFILE CHECKSUM: 93b42f1f95eb6ad295178166fc432940c1fee5d1

COCOAPODS: 1.9.1
